// !$*UTF8*$!
{
	archiveVersion = 1;
	classes = {
	};
	objectVersion = 46;
	objects = {

/* Begin PBXBuildFile section */
		65795F0E1D86C64B00B94378 /* SavedTableViewController.swift in Sources */ = {isa = PBXBuildFile; fileRef = 65795F0D1D86C64B00B94378 /* SavedTableViewController.swift */; };
		65795F141D86CB4700B94378 /* Group.swift in Sources */ = {isa = PBXBuildFile; fileRef = 65795F131D86CB4700B94378 /* Group.swift */; };
		65795F161D88004200B94378 /* AddGroupViewController.swift in Sources */ = {isa = PBXBuildFile; fileRef = 65795F151D88004200B94378 /* AddGroupViewController.swift */; };
		65A7E3BB1D75A0E3001A73C1 /* AppDelegate.swift in Sources */ = {isa = PBXBuildFile; fileRef = 65A7E3BA1D75A0E3001A73C1 /* AppDelegate.swift */; };
		65A7E3BD1D75A0E3001A73C1 /* ViewController.swift in Sources */ = {isa = PBXBuildFile; fileRef = 65A7E3BC1D75A0E3001A73C1 /* ViewController.swift */; };
		65A7E3C01D75A0E3001A73C1 /* Main.storyboard in Resources */ = {isa = PBXBuildFile; fileRef = 65A7E3BE1D75A0E3001A73C1 /* Main.storyboard */; };
		65A7E3C21D75A0E3001A73C1 /* Assets.xcassets in Resources */ = {isa = PBXBuildFile; fileRef = 65A7E3C11D75A0E3001A73C1 /* Assets.xcassets */; };
		65A7E3C51D75A0E3001A73C1 /* LaunchScreen.storyboard in Resources */ = {isa = PBXBuildFile; fileRef = 65A7E3C31D75A0E3001A73C1 /* LaunchScreen.storyboard */; };
		65A7E3CD1D75A23E001A73C1 /* GoogleService-Info.plist in Resources */ = {isa = PBXBuildFile; fileRef = 65A7E3CC1D75A23E001A73C1 /* GoogleService-Info.plist */; };
		65A7E3D11D7963DD001A73C1 /* RegisterViewController.swift in Sources */ = {isa = PBXBuildFile; fileRef = 65A7E3D01D7963DD001A73C1 /* RegisterViewController.swift */; };
		65A7E3D31D7EE325001A73C1 /* VoteViewController.swift in Sources */ = {isa = PBXBuildFile; fileRef = 65A7E3D21D7EE325001A73C1 /* VoteViewController.swift */; };
		D6620D09DF9A9B27D57A75CA /* Pods_Test_projekt.framework in Frameworks */ = {isa = PBXBuildFile; fileRef = 85D0CB4EE299C54482D13065 /* Pods_Test_projekt.framework */; };
/* End PBXBuildFile section */

/* Begin PBXFileReference section */
		203B186592EF834B57B89901 /* Pods-Test projekt.release.xcconfig */ = {isa = PBXFileReference; includeInIndex = 1; lastKnownFileType = text.xcconfig; name = "Pods-Test projekt.release.xcconfig"; path = "Pods/Target Support Files/Pods-Test projekt/Pods-Test projekt.release.xcconfig"; sourceTree = "<group>"; };
		65795F0D1D86C64B00B94378 /* SavedTableViewController.swift */ = {isa = PBXFileReference; fileEncoding = 4; lastKnownFileType = sourcecode.swift; path = SavedTableViewController.swift; sourceTree = "<group>"; };
		65795F131D86CB4700B94378 /* Group.swift */ = {isa = PBXFileReference; fileEncoding = 4; lastKnownFileType = sourcecode.swift; path = Group.swift; sourceTree = "<group>"; };
		65795F151D88004200B94378 /* AddGroupViewController.swift */ = {isa = PBXFileReference; fileEncoding = 4; lastKnownFileType = sourcecode.swift; path = AddGroupViewController.swift; sourceTree = "<group>"; };
		65A7E3B71D75A0E3001A73C1 /* Test projekt.app */ = {isa = PBXFileReference; explicitFileType = wrapper.application; includeInIndex = 0; path = "Test projekt.app"; sourceTree = BUILT_PRODUCTS_DIR; };
		65A7E3BA1D75A0E3001A73C1 /* AppDelegate.swift */ = {isa = PBXFileReference; lastKnownFileType = sourcecode.swift; path = AppDelegate.swift; sourceTree = "<group>"; };
		65A7E3BC1D75A0E3001A73C1 /* ViewController.swift */ = {isa = PBXFileReference; lastKnownFileType = sourcecode.swift; path = ViewController.swift; sourceTree = "<group>"; };
		65A7E3BF1D75A0E3001A73C1 /* Base */ = {isa = PBXFileReference; lastKnownFileType = file.storyboard; name = Base; path = Base.lproj/Main.storyboard; sourceTree = "<group>"; };
		65A7E3C11D75A0E3001A73C1 /* Assets.xcassets */ = {isa = PBXFileReference; lastKnownFileType = folder.assetcatalog; path = Assets.xcassets; sourceTree = "<group>"; };
		65A7E3C41D75A0E3001A73C1 /* Base */ = {isa = PBXFileReference; lastKnownFileType = file.storyboard; name = Base; path = Base.lproj/LaunchScreen.storyboard; sourceTree = "<group>"; };
		65A7E3C61D75A0E3001A73C1 /* Info.plist */ = {isa = PBXFileReference; lastKnownFileType = text.plist.xml; path = Info.plist; sourceTree = "<group>"; };
		65A7E3CC1D75A23E001A73C1 /* GoogleService-Info.plist */ = {isa = PBXFileReference; fileEncoding = 4; lastKnownFileType = text.plist.xml; path = "GoogleService-Info.plist"; sourceTree = "<group>"; };
		65A7E3D01D7963DD001A73C1 /* RegisterViewController.swift */ = {isa = PBXFileReference; fileEncoding = 4; lastKnownFileType = sourcecode.swift; path = RegisterViewController.swift; sourceTree = "<group>"; };
		65A7E3D21D7EE325001A73C1 /* VoteViewController.swift */ = {isa = PBXFileReference; fileEncoding = 4; lastKnownFileType = sourcecode.swift; path = VoteViewController.swift; sourceTree = "<group>"; };
		85D0CB4EE299C54482D13065 /* Pods_Test_projekt.framework */ = {isa = PBXFileReference; explicitFileType = wrapper.framework; includeInIndex = 0; path = Pods_Test_projekt.framework; sourceTree = BUILT_PRODUCTS_DIR; };
		A1A1AB390F57F5D302496FBC /* Pods-Test projekt.debug.xcconfig */ = {isa = PBXFileReference; includeInIndex = 1; lastKnownFileType = text.xcconfig; name = "Pods-Test projekt.debug.xcconfig"; path = "Pods/Target Support Files/Pods-Test projekt/Pods-Test projekt.debug.xcconfig"; sourceTree = "<group>"; };
/* End PBXFileReference section */

/* Begin PBXFrameworksBuildPhase section */
		65A7E3B41D75A0E3001A73C1 /* Frameworks */ = {
			isa = PBXFrameworksBuildPhase;
			buildActionMask = 2147483647;
			files = (
				D6620D09DF9A9B27D57A75CA /* Pods_Test_projekt.framework in Frameworks */,
			);
			runOnlyForDeploymentPostprocessing = 0;
		};
/* End PBXFrameworksBuildPhase section */

/* Begin PBXGroup section */
		65795F111D86CB0500B94378 /* View */ = {
			isa = PBXGroup;
			children = (
				65A7E3BE1D75A0E3001A73C1 /* Main.storyboard */,
				65A7E3C31D75A0E3001A73C1 /* LaunchScreen.storyboard */,
			);
			name = View;
			sourceTree = "<group>";
		};
		65795F121D86CB1D00B94378 /* Controller */ = {
			isa = PBXGroup;
			children = (
				65795F151D88004200B94378 /* AddGroupViewController.swift */,
				65A7E3BC1D75A0E3001A73C1 /* ViewController.swift */,
				65795F0D1D86C64B00B94378 /* SavedTableViewController.swift */,
				65A7E3D01D7963DD001A73C1 /* RegisterViewController.swift */,
				65A7E3D21D7EE325001A73C1 /* VoteViewController.swift */,
			);
			name = Controller;
			sourceTree = "<group>";
		};
		65A7E3AE1D75A0E3001A73C1 = {
			isa = PBXGroup;
			children = (
				65A7E3CC1D75A23E001A73C1 /* GoogleService-Info.plist */,
				65A7E3B91D75A0E3001A73C1 /* Test projekt */,
				65A7E3B81D75A0E3001A73C1 /* Products */,
				CB094A759181DB912B63163E /* Pods */,
				9C2220BA2D73906DB1597C03 /* Frameworks */,
			);
			sourceTree = "<group>";
		};
		65A7E3B81D75A0E3001A73C1 /* Products */ = {
			isa = PBXGroup;
			children = (
				65A7E3B71D75A0E3001A73C1 /* Test projekt.app */,
			);
			name = Products;
			sourceTree = "<group>";
		};
		65A7E3B91D75A0E3001A73C1 /* Test projekt */ = {
			isa = PBXGroup;
			children = (
				65795F111D86CB0500B94378 /* View */,
				65A7E3BA1D75A0E3001A73C1 /* AppDelegate.swift */,
				65795F131D86CB4700B94378 /* Group.swift */,
				65795F121D86CB1D00B94378 /* Controller */,
				65A7E3C11D75A0E3001A73C1 /* Assets.xcassets */,
				65A7E3C61D75A0E3001A73C1 /* Info.plist */,
			);
			path = "Test projekt";
			sourceTree = "<group>";
		};
		9C2220BA2D73906DB1597C03 /* Frameworks */ = {
			isa = PBXGroup;
			children = (
				85D0CB4EE299C54482D13065 /* Pods_Test_projekt.framework */,
			);
			name = Frameworks;
			sourceTree = "<group>";
		};
		CB094A759181DB912B63163E /* Pods */ = {
			isa = PBXGroup;
			children = (
				A1A1AB390F57F5D302496FBC /* Pods-Test projekt.debug.xcconfig */,
				203B186592EF834B57B89901 /* Pods-Test projekt.release.xcconfig */,
			);
			name = Pods;
			sourceTree = "<group>";
		};
/* End PBXGroup section */

/* Begin PBXNativeTarget section */
		65A7E3B61D75A0E3001A73C1 /* Test projekt */ = {
			isa = PBXNativeTarget;
			buildConfigurationList = 65A7E3C91D75A0E3001A73C1 /* Build configuration list for PBXNativeTarget "Test projekt" */;
			buildPhases = (
				66614D42FDC3730E657A6DD5 /* [CP] Check Pods Manifest.lock */,
				65A7E3B31D75A0E3001A73C1 /* Sources */,
				65A7E3B41D75A0E3001A73C1 /* Frameworks */,
				65A7E3B51D75A0E3001A73C1 /* Resources */,
				1F45B0ACDBE9EE83283065C3 /* [CP] Embed Pods Frameworks */,
				387053B3566CA3D134BAA9BF /* [CP] Copy Pods Resources */,
			);
			buildRules = (
			);
			dependencies = (
			);
			name = "Test projekt";
			productName = "Test projekt";
			productReference = 65A7E3B71D75A0E3001A73C1 /* Test projekt.app */;
			productType = "com.apple.product-type.application";
		};
/* End PBXNativeTarget section */

/* Begin PBXProject section */
		65A7E3AF1D75A0E3001A73C1 /* Project object */ = {
			isa = PBXProject;
			attributes = {
				LastSwiftUpdateCheck = 0730;
				LastUpgradeCheck = 0730;
				ORGANIZATIONNAME = "Daniel Trondsen Wallin";
				TargetAttributes = {
					65A7E3B61D75A0E3001A73C1 = {
						CreatedOnToolsVersion = 7.3;
						DevelopmentTeam = Q78X9LZ24Y;
					};
				};
			};
			buildConfigurationList = 65A7E3B21D75A0E3001A73C1 /* Build configuration list for PBXProject "Test projekt" */;
			compatibilityVersion = "Xcode 3.2";
			developmentRegion = English;
			hasScannedForEncodings = 0;
			knownRegions = (
				en,
				Base,
			);
			mainGroup = 65A7E3AE1D75A0E3001A73C1;
			productRefGroup = 65A7E3B81D75A0E3001A73C1 /* Products */;
			projectDirPath = "";
			projectRoot = "";
			targets = (
				65A7E3B61D75A0E3001A73C1 /* Test projekt */,
			);
		};
/* End PBXProject section */

/* Begin PBXResourcesBuildPhase section */
		65A7E3B51D75A0E3001A73C1 /* Resources */ = {
			isa = PBXResourcesBuildPhase;
			buildActionMask = 2147483647;
			files = (
				65A7E3C51D75A0E3001A73C1 /* LaunchScreen.storyboard in Resources */,
				65A7E3CD1D75A23E001A73C1 /* GoogleService-Info.plist in Resources */,
				65A7E3C21D75A0E3001A73C1 /* Assets.xcassets in Resources */,
				65A7E3C01D75A0E3001A73C1 /* Main.storyboard in Resources */,
			);
			runOnlyForDeploymentPostprocessing = 0;
		};
/* End PBXResourcesBuildPhase section */

/* Begin PBXShellScriptBuildPhase section */
		1F45B0ACDBE9EE83283065C3 /* [CP] Embed Pods Frameworks */ = {
			isa = PBXShellScriptBuildPhase;
			buildActionMask = 2147483647;
			files = (
			);
			inputPaths = (
			);
			name = "[CP] Embed Pods Frameworks";
			outputPaths = (
			);
			runOnlyForDeploymentPostprocessing = 0;
			shellPath = /bin/sh;
			shellScript = "\"${SRCROOT}/Pods/Target Support Files/Pods-Test projekt/Pods-Test projekt-frameworks.sh\"\n";
			showEnvVarsInLog = 0;
		};
		387053B3566CA3D134BAA9BF /* [CP] Copy Pods Resources */ = {
			isa = PBXShellScriptBuildPhase;
			buildActionMask = 2147483647;
			files = (
			);
			inputPaths = (
			);
			name = "[CP] Copy Pods Resources";
			outputPaths = (
			);
			runOnlyForDeploymentPostprocessing = 0;
			shellPath = /bin/sh;
			shellScript = "\"${SRCROOT}/Pods/Target Support Files/Pods-Test projekt/Pods-Test projekt-resources.sh\"\n";
			showEnvVarsInLog = 0;
		};
		66614D42FDC3730E657A6DD5 /* [CP] Check Pods Manifest.lock */ = {
			isa = PBXShellScriptBuildPhase;
			buildActionMask = 2147483647;
			files = (
			);
			inputPaths = (
			);
			name = "[CP] Check Pods Manifest.lock";
			outputPaths = (
			);
			runOnlyForDeploymentPostprocessing = 0;
			shellPath = /bin/sh;
			shellScript = "diff \"${PODS_ROOT}/../Podfile.lock\" \"${PODS_ROOT}/Manifest.lock\" > /dev/null\nif [[ $? != 0 ]] ; then\n    cat << EOM\nerror: The sandbox is not in sync with the Podfile.lock. Run 'pod install' or update your CocoaPods installation.\nEOM\n    exit 1\nfi\n";
			showEnvVarsInLog = 0;
		};
/* End PBXShellScriptBuildPhase section */

/* Begin PBXSourcesBuildPhase section */
		65A7E3B31D75A0E3001A73C1 /* Sources */ = {
			isa = PBXSourcesBuildPhase;
			buildActionMask = 2147483647;
			files = (
				65A7E3D31D7EE325001A73C1 /* VoteViewController.swift in Sources */,
				65795F161D88004200B94378 /* AddGroupViewController.swift in Sources */,
				65A7E3D11D7963DD001A73C1 /* RegisterViewController.swift in Sources */,
				65A7E3BD1D75A0E3001A73C1 /* ViewController.swift in Sources */,
				65795F141D86CB4700B94378 /* Group.swift in Sources */,
				65795F0E1D86C64B00B94378 /* SavedTableViewController.swift in Sources */,
				65A7E3BB1D75A0E3001A73C1 /* AppDelegate.swift in Sources */,
			);
			runOnlyForDeploymentPostprocessing = 0;
		};
/* End PBXSourcesBuildPhase section */

/* Begin PBXVariantGroup section */
		65A7E3BE1D75A0E3001A73C1 /* Main.storyboard */ = {
			isa = PBXVariantGroup;
			children = (
				65A7E3BF1D75A0E3001A73C1 /* Base */,
			);
			name = Main.storyboard;
			sourceTree = "<group>";
		};
		65A7E3C31D75A0E3001A73C1 /* LaunchScreen.storyboard */ = {
			isa = PBXVariantGroup;
			children = (
				65A7E3C41D75A0E3001A73C1 /* Base */,
			);
			name = LaunchScreen.storyboard;
			sourceTree = "<group>";
		};
/* End PBXVariantGroup section */

/* Begin XCBuildConfiguration section */
		65A7E3C71D75A0E3001A73C1 /* Debug */ = {
			isa = XCBuildConfiguration;
			buildSettings = {
				ALWAYS_SEARCH_USER_PATHS = NO;
				CLANG_ANALYZER_NONNULL = YES;
				CLANG_CXX_LANGUAGE_STANDARD = "gnu++0x";
				CLANG_CXX_LIBRARY = "libc++";
				CLANG_ENABLE_MODULES = YES;
				CLANG_ENABLE_OBJC_ARC = YES;
				CLANG_WARN_BOOL_CONVERSION = YES;
				CLANG_WARN_CONSTANT_CONVERSION = YES;
				CLANG_WARN_DIRECT_OBJC_ISA_USAGE = YES_ERROR;
				CLANG_WARN_EMPTY_BODY = YES;
				CLANG_WARN_ENUM_CONVERSION = YES;
				CLANG_WARN_INT_CONVERSION = YES;
				CLANG_WARN_OBJC_ROOT_CLASS = YES_ERROR;
				CLANG_WARN_UNREACHABLE_CODE = YES;
				CLANG_WARN__DUPLICATE_METHOD_MATCH = YES;
				"CODE_SIGN_IDENTITY[sdk=iphoneos*]" = "iPhone Developer";
				COPY_PHASE_STRIP = NO;
				DEBUG_INFORMATION_FORMAT = dwarf;
				ENABLE_STRICT_OBJC_MSGSEND = YES;
				ENABLE_TESTABILITY = YES;
				GCC_C_LANGUAGE_STANDARD = gnu99;
				GCC_DYNAMIC_NO_PIC = NO;
				GCC_NO_COMMON_BLOCKS = YES;
				GCC_OPTIMIZATION_LEVEL = 0;
				GCC_PREPROCESSOR_DEFINITIONS = (
					"DEBUG=1",
					"$(inherited)",
				);
				GCC_WARN_64_TO_32_BIT_CONVERSION = YES;
				GCC_WARN_ABOUT_RETURN_TYPE = YES_ERROR;
				GCC_WARN_UNDECLARED_SELECTOR = YES;
				GCC_WARN_UNINITIALIZED_AUTOS = YES_AGGRESSIVE;
				GCC_WARN_UNUSED_FUNCTION = YES;
				GCC_WARN_UNUSED_VARIABLE = YES;
				IPHONEOS_DEPLOYMENT_TARGET = 9.3;
				MTL_ENABLE_DEBUG_INFO = YES;
				ONLY_ACTIVE_ARCH = YES;
				SDKROOT = iphoneos;
				SWIFT_OPTIMIZATION_LEVEL = "-Onone";
			};
			name = Debug;
		};
		65A7E3C81D75A0E3001A73C1 /* Release */ = {
			isa = XCBuildConfiguration;
			buildSettings = {
				ALWAYS_SEARCH_USER_PATHS = NO;
				CLANG_ANALYZER_NONNULL = YES;
				CLANG_CXX_LANGUAGE_STANDARD = "gnu++0x";
				CLANG_CXX_LIBRARY = "libc++";
				CLANG_ENABLE_MODULES = YES;
				CLANG_ENABLE_OBJC_ARC = YES;
				CLANG_WARN_BOOL_CONVERSION = YES;
				CLANG_WARN_CONSTANT_CONVERSION = YES;
				CLANG_WARN_DIRECT_OBJC_ISA_USAGE = YES_ERROR;
				CLANG_WARN_EMPTY_BODY = YES;
				CLANG_WARN_ENUM_CONVERSION = YES;
				CLANG_WARN_INT_CONVERSION = YES;
				CLANG_WARN_OBJC_ROOT_CLASS = YES_ERROR;
				CLANG_WARN_UNREACHABLE_CODE = YES;
				CLANG_WARN__DUPLICATE_METHOD_MATCH = YES;
				"CODE_SIGN_IDENTITY[sdk=iphoneos*]" = "iPhone Developer";
				COPY_PHASE_STRIP = NO;
				DEBUG_INFORMATION_FORMAT = "dwarf-with-dsym";
				ENABLE_NS_ASSERTIONS = NO;
				ENABLE_STRICT_OBJC_MSGSEND = YES;
				GCC_C_LANGUAGE_STANDARD = gnu99;
				GCC_NO_COMMON_BLOCKS = YES;
				GCC_WARN_64_TO_32_BIT_CONVERSION = YES;
				GCC_WARN_ABOUT_RETURN_TYPE = YES_ERROR;
				GCC_WARN_UNDECLARED_SELECTOR = YES;
				GCC_WARN_UNINITIALIZED_AUTOS = YES_AGGRESSIVE;
				GCC_WARN_UNUSED_FUNCTION = YES;
				GCC_WARN_UNUSED_VARIABLE = YES;
				IPHONEOS_DEPLOYMENT_TARGET = 9.3;
				MTL_ENABLE_DEBUG_INFO = NO;
				SDKROOT = iphoneos;
				VALIDATE_PRODUCT = YES;
			};
			name = Release;
		};
		65A7E3CA1D75A0E3001A73C1 /* Debug */ = {
			isa = XCBuildConfiguration;
			baseConfigurationReference = A1A1AB390F57F5D302496FBC /* Pods-Test projekt.debug.xcconfig */;
			buildSettings = {
				ASSETCATALOG_COMPILER_APPICON_NAME = AppIcon;
				INFOPLIST_FILE = "Test projekt/Info.plist";
				LD_RUNPATH_SEARCH_PATHS = "$(inherited) @executable_path/Frameworks";
				PRODUCT_BUNDLE_IDENTIFIER = "com.example.Test-projekt";
				PRODUCT_NAME = "$(TARGET_NAME)";
			};
			name = Debug;
		};
		65A7E3CB1D75A0E3001A73C1 /* Release */ = {
			isa = XCBuildConfiguration;
			baseConfigurationReference = 203B186592EF834B57B89901 /* Pods-Test projekt.release.xcconfig */;
			buildSettings = {
				ASSETCATALOG_COMPILER_APPICON_NAME = AppIcon;
				INFOPLIST_FILE = "Test projekt/Info.plist";
				LD_RUNPATH_SEARCH_PATHS = "$(inherited) @executable_path/Frameworks";
				PRODUCT_BUNDLE_IDENTIFIER = "com.example.Test-projekt";
				PRODUCT_NAME = "$(TARGET_NAME)";
			};
			name = Release;
		};
/* End XCBuildConfiguration section */

/* Begin XCConfigurationList section */
		65A7E3B21D75A0E3001A73C1 /* Build configuration list for PBXProject "Test projekt" */ = {
			isa = XCConfigurationList;
			buildConfigurations = (
				65A7E3C71D75A0E3001A73C1 /* Debug */,
				65A7E3C81D75A0E3001A73C1 /* Release */,
			);
			defaultConfigurationIsVisible = 0;
			defaultConfigurationName = Release;
		};
		65A7E3C91D75A0E3001A73C1 /* Build configuration list for PBXNativeTarget "Test projekt" */ = {
			isa = XCConfigurationList;
			buildConfigurations = (
				65A7E3CA1D75A0E3001A73C1 /* Debug */,
				65A7E3CB1D75A0E3001A73C1 /* Release */,
			);
			defaultConfigurationIsVisible = 0;
			defaultConfigurationName = Release;
		};
/* End XCConfigurationList section */
	};
	rootObject = 65A7E3AF1D75A0E3001A73C1 /* Project object */;
}
